{
  "name": "cubby",
  "version": "0.0.3",
  "lockfileVersion": 1,
  "requires": true,
  "dependencies": {
    "app-root-path": {
      "version": "2.2.1",
      "resolved": "https://registry.npmjs.org/app-root-path/-/app-root-path-2.2.1.tgz",
      "integrity": "sha512-91IFKeKk7FjfmezPKkwtaRvSpnUc4gDwPAjA1YZ9Gn0q0PPeW+vbeUsZuyDwjI7+QTHhcLen2v25fi/AmhvbJA=="
    },
    "observable-slim": {
      "version": "0.1.5",
      "resolved": "https://registry.npmjs.org/observable-slim/-/observable-slim-0.1.5.tgz",
      "integrity": "sha512-xhDK4EjwM6ehZ6KhTtDc0z5kqBhqoBQPP9pq2n1c+RXA4IcyLIm68ipDwS3nZVXhrCssoKu4LcHDUT1tl0kP9A=="
    }
  }
}
